{
  "version": 4,
  "terraform_version": "1.2.2",
  "serial": 1260,
  "lineage": "a9bb7e23-9113-8a29-c404-2f9401c3f7bf",
  "outputs": {
    "load_balancer_ip_address": {
      "value": "34.111.247.170",
      "type": "string"
    }
  },
  "resources": [
    {
      "mode": "data",
      "type": "google_iam_policy",
      "name": "admin",
      "provider": "provider[\"registry.terraform.io/hashicorp/google\"]",
      "instances": [
        {
          "schema_version": 0,
          "attributes": {
            "audit_config": null,
            "binding": [
              {
                "condition": [],
                "members": [
                  "allUsers"
                ],
                "role": "roles/storage.admin"
              }
            ],
            "id": "2439923076",
            "policy_data": "{\"bindings\":[{\"members\":[\"allUsers\"],\"role\":\"roles/storage.admin\"}]}"
          },
          "sensitive_attributes": []
        }
      ]
    },
    {
      "mode": "managed",
      "type": "google_compute_backend_bucket",
      "name": "static",
      "provider": "provider[\"registry.terraform.io/hashicorp/google\"]",
      "instances": [
        {
          "schema_version": 0,
          "attributes": {
            "bucket_name": "http-multi-backend-bucket-telushealth",
            "cdn_policy": [],
            "creation_timestamp": "2022-09-02T10:17:26.787-07:00",
            "description": "",
            "enable_cdn": false,
            "id": "projects/th-brettslab-lab-8d106d/global/backendBuckets/http-multi-backend-backend-bucket",
            "name": "http-multi-backend-backend-bucket",
            "project": "th-brettslab-lab-8d106d",
            "self_link": "https://www.googleapis.com/compute/v1/projects/th-brettslab-lab-8d106d/global/backendBuckets/http-multi-backend-backend-bucket",
            "timeouts": null
          },
          "sensitive_attributes": [],
          "private": "eyJlMmJmYjczMC1lY2FhLTExZTYtOGY4OC0zNDM2M2JjN2M0YzAiOnsiY3JlYXRlIjoyNDAwMDAwMDAwMDAsImRlbGV0ZSI6MjQwMDAwMDAwMDAwLCJ1cGRhdGUiOjI0MDAwMDAwMDAwMH19",
          "dependencies": [
            "google_storage_bucket.static"
          ]
        }
      ]
    },
    {
      "mode": "managed",
      "type": "google_compute_backend_service",
      "name": "api",
      "provider": "provider[\"registry.terraform.io/hashicorp/google\"]",
      "instances": [
        {
          "schema_version": 1,
          "attributes": {
            "affinity_cookie_ttl_sec": 0,
            "backend": [
              {
                "balancing_mode": "UTILIZATION",
                "capacity_scaler": 1,
                "description": "",
                "group": "https://www.googleapis.com/compute/v1/projects/th-brettslab-lab-8d106d/zones/northamerica-northeast2-a/instanceGroups/http-multi-backend-instance-group",
                "max_connections": 0,
                "max_connections_per_endpoint": 0,
                "max_connections_per_instance": 0,
                "max_rate": 0,
                "max_rate_per_endpoint": 0,
                "max_rate_per_instance": 0,
                "max_utilization": 0.8
              }
            ],
            "cdn_policy": [],
            "circuit_breakers": [],
            "connection_draining_timeout_sec": 300,
            "consistent_hash": [],
            "creation_timestamp": "2022-09-02T10:18:40.979-07:00",
            "custom_request_headers": [],
            "custom_response_headers": [],
            "description": "API Backend for http-multi-backend",
            "enable_cdn": false,
            "fingerprint": "1wHYZX5S2do=",
            "health_checks": [
              "https://www.googleapis.com/compute/v1/projects/th-brettslab-lab-8d106d/global/healthChecks/http-multi-backend-hc"
            ],
            "iap": [],
            "id": "projects/th-brettslab-lab-8d106d/global/backendServices/http-multi-backend-api",
            "load_balancing_scheme": "EXTERNAL",
            "locality_lb_policy": "",
            "log_config": [],
            "name": "http-multi-backend-api",
            "outlier_detection": [],
            "port_name": "http",
            "project": "th-brettslab-lab-8d106d",
            "protocol": "HTTP",
            "security_policy": "",
            "self_link": "https://www.googleapis.com/compute/v1/projects/th-brettslab-lab-8d106d/global/backendServices/http-multi-backend-api",
            "session_affinity": "NONE",
            "timeout_sec": 10,
            "timeouts": null
          },
          "sensitive_attributes": [],
          "private": "eyJlMmJmYjczMC1lY2FhLTExZTYtOGY4OC0zNDM2M2JjN2M0YzAiOnsiY3JlYXRlIjoyNDAwMDAwMDAwMDAsImRlbGV0ZSI6MjQwMDAwMDAwMDAwLCJ1cGRhdGUiOjI0MDAwMDAwMDAwMH0sInNjaGVtYV92ZXJzaW9uIjoiMSJ9",
          "dependencies": [
            "google_compute_health_check.default",
            "google_compute_instance.api",
            "google_compute_instance_group.api",
            "google_compute_network.subnet1",
            "google_compute_subnetwork.vpcnetwork"
          ]
        }
      ]
    },
    {
      "mode": "managed",
      "type": "google_compute_firewall",
      "name": "firewall",
      "provider": "provider[\"registry.terraform.io/hashicorp/google\"]",
      "instances": [
        {
          "schema_version": 1,
          "attributes": {
            "allow": [
              {
                "ports": [
                  "5000"
                ],
                "protocol": "tcp"
              }
            ],
            "creation_timestamp": "2022-09-02T10:18:10.695-07:00",
            "deny": [],
            "description": "",
            "destination_ranges": [],
            "direction": "INGRESS",
            "disabled": false,
            "enable_logging": null,
            "id": "projects/th-brettslab-lab-8d106d/global/firewalls/http-multi-backend-fw",
            "log_config": [],
            "name": "http-multi-backend-fw",
            "network": "https://www.googleapis.com/compute/v1/projects/th-brettslab-lab-8d106d/global/networks/default",
            "priority": 1000,
            "project": "th-brettslab-lab-8d106d",
            "self_link": "https://www.googleapis.com/compute/v1/projects/th-brettslab-lab-8d106d/global/firewalls/http-multi-backend-fw",
            "source_ranges": [
              "130.211.0.0/22",
              "35.191.0.0/16"
            ],
            "source_service_accounts": [],
            "source_tags": [
              "private-app"
            ],
            "target_service_accounts": [],
            "target_tags": [
              "private-app"
            ],
            "timeouts": null
          },
          "sensitive_attributes": [],
          "private": "eyJlMmJmYjczMC1lY2FhLTExZTYtOGY4OC0zNDM2M2JjN2M0YzAiOnsiY3JlYXRlIjoyNDAwMDAwMDAwMDAsImRlbGV0ZSI6MjQwMDAwMDAwMDAwLCJ1cGRhdGUiOjI0MDAwMDAwMDAwMH0sInNjaGVtYV92ZXJzaW9uIjoiMSJ9",
          "dependencies": [
            "google_compute_network.subnet1",
            "google_compute_subnetwork.vpcnetwork"
          ]
        }
      ]
    },
    {
      "mode": "managed",
      "type": "google_compute_health_check",
      "name": "default",
      "provider": "provider[\"registry.terraform.io/hashicorp/google\"]",
      "instances": [
        {
          "schema_version": 0,
          "attributes": {
            "check_interval_sec": 5,
            "creation_timestamp": "2022-09-02T10:17:24.825-07:00",
            "description": "",
            "grpc_health_check": [],
            "healthy_threshold": 2,
            "http2_health_check": [],
            "http_health_check": [
              {
                "host": "",
                "port": 5000,
                "port_name": "",
                "port_specification": "",
                "proxy_header": "NONE",
                "request_path": "/api",
                "response": ""
              }
            ],
            "https_health_check": [],
            "id": "projects/th-brettslab-lab-8d106d/global/healthChecks/http-multi-backend-hc",
            "name": "http-multi-backend-hc",
            "project": "th-brettslab-lab-8d106d",
            "self_link": "https://www.googleapis.com/compute/v1/projects/th-brettslab-lab-8d106d/global/healthChecks/http-multi-backend-hc",
            "ssl_health_check": [],
            "tcp_health_check": [],
            "timeout_sec": 5,
            "timeouts": null,
            "type": "HTTP",
            "unhealthy_threshold": 2
          },
          "sensitive_attributes": [],
          "private": "eyJlMmJmYjczMC1lY2FhLTExZTYtOGY4OC0zNDM2M2JjN2M0YzAiOnsiY3JlYXRlIjoyNDAwMDAwMDAwMDAsImRlbGV0ZSI6MjQwMDAwMDAwMDAwLCJ1cGRhdGUiOjI0MDAwMDAwMDAwMH19"
        }
      ]
    },
    {
      "mode": "managed",
      "type": "google_compute_instance",
      "name": "api",
      "provider": "provider[\"registry.terraform.io/hashicorp/google\"]",
      "instances": [
        {
          "schema_version": 6,
          "attributes": {
            "allow_stopping_for_update": null,
            "attached_disk": [],
            "boot_disk": [
              {
                "auto_delete": true,
                "device_name": "persistent-disk-0",
                "disk_encryption_key_raw": "",
                "disk_encryption_key_sha256": "",
                "initialize_params": [
                  {
                    "image": "https://www.googleapis.com/compute/v1/projects/debian-cloud/global/images/debian-10-buster-v20220822",
                    "labels": {},
                    "size": 10,
                    "type": "pd-standard"
                  }
                ],
                "kms_key_self_link": "",
                "mode": "READ_WRITE",
                "source": "https://www.googleapis.com/compute/v1/projects/th-brettslab-lab-8d106d/zones/northamerica-northeast2-a/disks/http-multi-backend-instance"
              }
            ],
            "can_ip_forward": false,
            "cpu_platform": "Intel Broadwell",
            "current_status": "RUNNING",
            "deletion_protection": false,
            "description": "",
            "desired_status": null,
            "enable_display": false,
            "guest_accelerator": [],
            "hostname": "",
            "id": "projects/th-brettslab-lab-8d106d/zones/northamerica-northeast2-a/instances/http-multi-backend-instance",
            "instance_id": "8561299610134348860",
            "label_fingerprint": "42WmSpB8rSM=",
            "labels": {},
            "machine_type": "e2-micro",
            "metadata": {},
            "metadata_fingerprint": "6kgdlkiRTLg=",
            "metadata_startup_script": "#!/bin/bash -xe\n\napt-get update\napt-get install -yq build-essential python-pip rsync\npip install flask\n\nmkdir /app\n\ncat \u003e /app/app.py \u003c\u003c'EOF'\nfrom flask import Flask\napp = Flask(__name__)\n\n@app.route('/api')\ndef hello_api():\n   return 'Telus Health API Service'\n\napp.run(host='0.0.0.0')\nEOF\n\npython /app/app.py \u0026\n\n\n\n\n",
            "min_cpu_platform": "",
            "name": "http-multi-backend-instance",
            "network_interface": [
              {
                "access_config": [
                  {
                    "nat_ip": "34.130.114.126",
                    "network_tier": "PREMIUM",
                    "public_ptr_domain_name": ""
                  }
                ],
                "alias_ip_range": [],
                "name": "nic0",
                "network": "https://www.googleapis.com/compute/v1/projects/th-brettslab-lab-8d106d/global/networks/default",
                "network_ip": "10.2.0.2",
                "subnetwork": "https://www.googleapis.com/compute/v1/projects/th-brettslab-lab-8d106d/regions/northamerica-northeast2/subnetworks/default",
                "subnetwork_project": "th-brettslab-lab-8d106d"
              }
            ],
            "project": "th-brettslab-lab-8d106d",
            "resource_policies": [],
            "scheduling": [
              {
                "automatic_restart": true,
                "node_affinities": [],
                "on_host_maintenance": "MIGRATE",
                "preemptible": false
              }
            ],
            "scratch_disk": [],
            "self_link": "https://www.googleapis.com/compute/v1/projects/th-brettslab-lab-8d106d/zones/northamerica-northeast2-a/instances/http-multi-backend-instance",
            "service_account": [],
            "shielded_instance_config": [
              {
                "enable_integrity_monitoring": true,
                "enable_secure_boot": false,
                "enable_vtpm": true
              }
            ],
            "tags": [
              "private-app"
            ],
            "tags_fingerprint": "4BwUI0kszDU=",
            "timeouts": null,
            "zone": "northamerica-northeast2-a"
          },
          "sensitive_attributes": [],
          "private": "eyJlMmJmYjczMC1lY2FhLTExZTYtOGY4OC0zNDM2M2JjN2M0YzAiOnsiY3JlYXRlIjoxMjAwMDAwMDAwMDAwLCJkZWxldGUiOjEyMDAwMDAwMDAwMDAsInVwZGF0ZSI6MTIwMDAwMDAwMDAwMH0sInNjaGVtYV92ZXJzaW9uIjoiNiJ9",
          "dependencies": [
            "google_compute_network.subnet1",
            "google_compute_subnetwork.vpcnetwork"
          ],
          "create_before_destroy": true
        }
      ]
    },
    {
      "mode": "managed",
      "type": "google_compute_instance_group",
      "name": "api",
      "provider": "provider[\"registry.terraform.io/hashicorp/google\"]",
      "instances": [
        {
          "schema_version": 2,
          "attributes": {
            "description": "",
            "id": "projects/th-brettslab-lab-8d106d/zones/northamerica-northeast2-a/instanceGroups/http-multi-backend-instance-group",
            "instances": [
              "https://www.googleapis.com/compute/v1/projects/th-brettslab-lab-8d106d/zones/northamerica-northeast2-a/instances/http-multi-backend-instance"
            ],
            "name": "http-multi-backend-instance-group",
            "named_port": [
              {
                "name": "http",
                "port": 5000
              }
            ],
            "network": "https://www.googleapis.com/compute/v1/projects/th-brettslab-lab-8d106d/global/networks/default",
            "project": "th-brettslab-lab-8d106d",
            "self_link": "https://www.googleapis.com/compute/v1/projects/th-brettslab-lab-8d106d/zones/northamerica-northeast2-a/instanceGroups/http-multi-backend-instance-group",
            "size": 1,
            "timeouts": null,
            "zone": "northamerica-northeast2-a"
          },
          "sensitive_attributes": [],
          "private": "eyJlMmJmYjczMC1lY2FhLTExZTYtOGY4OC0zNDM2M2JjN2M0YzAiOnsiY3JlYXRlIjozNjAwMDAwMDAwMDAsImRlbGV0ZSI6MzYwMDAwMDAwMDAwLCJ1cGRhdGUiOjM2MDAwMDAwMDAwMH0sInNjaGVtYV92ZXJzaW9uIjoiMiJ9",
          "dependencies": [
            "google_compute_instance.api",
            "google_compute_network.subnet1",
            "google_compute_subnetwork.vpcnetwork"
          ],
          "create_before_destroy": true
        }
      ]
    },
    {
      "mode": "managed",
      "type": "google_compute_network",
      "name": "subnet1",
      "provider": "provider[\"registry.terraform.io/hashicorp/google\"]",
      "instances": [
        {
          "schema_version": 0,
          "attributes": {
            "auto_create_subnetworks": false,
            "delete_default_routes_on_create": false,
            "description": "",
            "gateway_ipv4": "",
            "id": "projects/th-brettslab-lab-8d106d/global/networks/default",
            "mtu": 0,
            "name": "default",
            "project": "th-brettslab-lab-8d106d",
            "routing_mode": "REGIONAL",
            "self_link": "https://www.googleapis.com/compute/v1/projects/th-brettslab-lab-8d106d/global/networks/default",
            "timeouts": null
          },
          "sensitive_attributes": [],
          "private": "eyJlMmJmYjczMC1lY2FhLTExZTYtOGY4OC0zNDM2M2JjN2M0YzAiOnsiY3JlYXRlIjoyNDAwMDAwMDAwMDAsImRlbGV0ZSI6MjQwMDAwMDAwMDAwLCJ1cGRhdGUiOjI0MDAwMDAwMDAwMH19",
          "create_before_destroy": true
        }
      ]
    },
    {
      "mode": "managed",
      "type": "google_compute_subnetwork",
      "name": "vpcnetwork",
      "provider": "provider[\"registry.terraform.io/hashicorp/google\"]",
      "instances": [
        {
          "schema_version": 0,
          "attributes": {
            "creation_timestamp": "2022-09-02T10:17:47.784-07:00",
            "description": "",
            "fingerprint": null,
            "gateway_address": "10.2.0.1",
            "id": "projects/th-brettslab-lab-8d106d/regions/northamerica-northeast2/subnetworks/default",
            "ip_cidr_range": "10.2.0.0/16",
            "log_config": [],
            "name": "default",
            "network": "https://www.googleapis.com/compute/v1/projects/th-brettslab-lab-8d106d/global/networks/default",
            "private_ip_google_access": true,
            "private_ipv6_google_access": "DISABLE_GOOGLE_ACCESS",
            "project": "th-brettslab-lab-8d106d",
            "region": "northamerica-northeast2",
            "secondary_ip_range": [],
            "self_link": "https://www.googleapis.com/compute/v1/projects/th-brettslab-lab-8d106d/regions/northamerica-northeast2/subnetworks/default",
            "timeouts": null
          },
          "sensitive_attributes": [],
          "private": "eyJlMmJmYjczMC1lY2FhLTExZTYtOGY4OC0zNDM2M2JjN2M0YzAiOnsiY3JlYXRlIjozNjAwMDAwMDAwMDAsImRlbGV0ZSI6MzYwMDAwMDAwMDAwLCJ1cGRhdGUiOjM2MDAwMDAwMDAwMH19",
          "dependencies": [
            "google_compute_network.subnet1"
          ],
          "create_before_destroy": true
        }
      ]
    },
    {
      "mode": "managed",
      "type": "google_compute_url_map",
      "name": "urlmap",
      "provider": "provider[\"registry.terraform.io/hashicorp/google\"]",
      "instances": [
        {
          "schema_version": 0,
          "attributes": {
            "creation_timestamp": "2022-09-02T10:19:03.197-07:00",
            "default_route_action": [],
            "default_service": "https://www.googleapis.com/compute/v1/projects/th-brettslab-lab-8d106d/global/backendBuckets/http-multi-backend-backend-bucket",
            "default_url_redirect": [],
            "description": "URL map for http-multi-backend",
            "fingerprint": "pP7NIClwgCc=",
            "header_action": [],
            "host_rule": [
              {
                "description": "",
                "hosts": [
                  "*"
                ],
                "path_matcher": "all"
              }
            ],
            "id": "projects/th-brettslab-lab-8d106d/global/urlMaps/http-multi-backend-url-map",
            "map_id": 5023330109759653352,
            "name": "http-multi-backend-url-map",
            "path_matcher": [
              {
                "default_route_action": [],
                "default_service": "https://www.googleapis.com/compute/v1/projects/th-brettslab-lab-8d106d/global/backendBuckets/http-multi-backend-backend-bucket",
                "default_url_redirect": [],
                "description": "",
                "header_action": [],
                "name": "all",
                "path_rule": [
                  {
                    "paths": [
                      "/api",
                      "/api/*"
                    ],
                    "route_action": [],
                    "service": "https://www.googleapis.com/compute/v1/projects/th-brettslab-lab-8d106d/global/backendServices/http-multi-backend-api",
                    "url_redirect": []
                  }
                ],
                "route_rules": []
              }
            ],
            "project": "th-brettslab-lab-8d106d",
            "self_link": "https://www.googleapis.com/compute/v1/projects/th-brettslab-lab-8d106d/global/urlMaps/http-multi-backend-url-map",
            "test": [],
            "timeouts": null
          },
          "sensitive_attributes": [],
          "private": "eyJlMmJmYjczMC1lY2FhLTExZTYtOGY4OC0zNDM2M2JjN2M0YzAiOnsiY3JlYXRlIjoyNDAwMDAwMDAwMDAsImRlbGV0ZSI6MjQwMDAwMDAwMDAwLCJ1cGRhdGUiOjI0MDAwMDAwMDAwMH19",
          "dependencies": [
            "google_compute_backend_bucket.static",
            "google_compute_backend_service.api",
            "google_compute_health_check.default",
            "google_compute_instance.api",
            "google_compute_instance_group.api",
            "google_compute_network.subnet1",
            "google_compute_subnetwork.vpcnetwork",
            "google_storage_bucket.static"
          ]
        }
      ]
    },
    {
      "mode": "managed",
      "type": "google_storage_bucket",
      "name": "static",
      "provider": "provider[\"registry.terraform.io/hashicorp/google\"]",
      "instances": [
        {
          "schema_version": 0,
          "attributes": {
            "bucket_policy_only": true,
            "cors": [],
            "default_event_based_hold": false,
            "encryption": [],
            "force_destroy": true,
            "id": "http-multi-backend-bucket-telushealth",
            "labels": {},
            "lifecycle_rule": [],
            "location": "US",
            "logging": [],
            "name": "http-multi-backend-bucket-telushealth",
            "project": "th-brettslab-lab-8d106d",
            "requester_pays": false,
            "retention_policy": [],
            "self_link": "https://www.googleapis.com/storage/v1/b/http-multi-backend-bucket-telushealth",
            "storage_class": "MULTI_REGIONAL",
            "uniform_bucket_level_access": true,
            "url": "gs://http-multi-backend-bucket-telushealth",
            "versioning": [],
            "website": [
              {
                "main_page_suffix": "index.html",
                "not_found_page": "404.html"
              }
            ]
          },
          "sensitive_attributes": [],
          "private": "bnVsbA=="
        }
      ]
    },
    {
      "mode": "managed",
      "type": "google_storage_bucket_iam_policy",
      "name": "web_policy",
      "provider": "provider[\"registry.terraform.io/hashicorp/google\"]",
      "instances": [
        {
          "schema_version": 0,
          "attributes": {
            "bucket": "b/http-multi-backend-bucket-telushealth",
            "etag": "CAI=",
            "id": "b/http-multi-backend-bucket-telushealth",
            "policy_data": "{\"bindings\":[{\"members\":[\"allUsers\"],\"role\":\"roles/storage.admin\"}]}"
          },
          "sensitive_attributes": [],
          "private": "bnVsbA==",
          "dependencies": [
            "data.google_iam_policy.admin",
            "google_storage_bucket.static"
          ]
        }
      ]
    },
    {
      "mode": "managed",
      "type": "google_storage_bucket_object",
      "name": "index",
      "provider": "provider[\"registry.terraform.io/hashicorp/google\"]",
      "instances": [
        {
          "schema_version": 0,
          "attributes": {
            "bucket": "http-multi-backend-bucket-telushealth",
            "cache_control": "",
            "content": "      _____                    _____                    _____            _____                    _____                            _____                    _____                    _____                    _____        _____                    _____                  \n     /\\    \\                  /\\    \\                  /\\    \\          /\\    \\                  /\\    \\                          /\\    \\                  /\\    \\                  /\\    \\                  /\\    \\      /\\    \\                  /\\    \\                 \n    /::\\    \\                /::\\    \\                /::\\____\\        /::\\____\\                /::\\    \\                        /::\\____\\                /::\\    \\                /::\\    \\                /::\\____\\    /::\\    \\                /::\\____\\                \n    \\:::\\    \\              /::::\\    \\              /:::/    /       /:::/    /               /::::\\    \\                      /:::/    /               /::::\\    \\              /::::\\    \\              /:::/    /    \\:::\\    \\              /:::/    /                \n     \\:::\\    \\            /::::::\\    \\            /:::/    /       /:::/    /               /::::::\\    \\                    /:::/    /               /::::::\\    \\            /::::::\\    \\            /:::/    /      \\:::\\    \\            /:::/    /                 \n      \\:::\\    \\          /:::/\\:::\\    \\          /:::/    /       /:::/    /               /:::/\\:::\\    \\                  /:::/    /               /:::/\\:::\\    \\          /:::/\\:::\\    \\          /:::/    /        \\:::\\    \\          /:::/    /                  \n       \\:::\\    \\        /:::/__\\:::\\    \\        /:::/    /       /:::/    /               /:::/__\\:::\\    \\                /:::/____/               /:::/__\\:::\\    \\        /:::/__\\:::\\    \\        /:::/    /          \\:::\\    \\        /:::/____/                   \n       /::::\\    \\      /::::\\   \\:::\\    \\      /:::/    /       /:::/    /                \\:::\\   \\:::\\    \\              /::::\\    \\              /::::\\   \\:::\\    \\      /::::\\   \\:::\\    \\      /:::/    /           /::::\\    \\      /::::\\    \\                   \n      /::::::\\    \\    /::::::\\   \\:::\\    \\    /:::/    /       /:::/    /      _____    ___\\:::\\   \\:::\\    \\            /::::::\\    \\   _____    /::::::\\   \\:::\\    \\    /::::::\\   \\:::\\    \\    /:::/    /           /::::::\\    \\    /::::::\\    \\   _____          \n     /:::/\\:::\\    \\  /:::/\\:::\\   \\:::\\    \\  /:::/    /       /:::/____/      /\\    \\  /\\   \\:::\\   \\:::\\    \\          /:::/\\:::\\    \\ /\\    \\  /:::/\\:::\\   \\:::\\    \\  /:::/\\:::\\   \\:::\\    \\  /:::/    /           /:::/\\:::\\    \\  /:::/\\:::\\    \\ /\\    \\         \n    /:::/  \\:::\\____\\/:::/__\\:::\\   \\:::\\____\\/:::/____/       |:::|    /      /::\\____\\/::\\   \\:::\\   \\:::\\____\\        /:::/  \\:::\\    /::\\____\\/:::/__\\:::\\   \\:::\\____\\/:::/  \\:::\\   \\:::\\____\\/:::/____/           /:::/  \\:::\\____\\/:::/  \\:::\\    /::\\____\\        \n   /:::/    \\::/    /\\:::\\   \\:::\\   \\::/    /\\:::\\    \\       |:::|____\\     /:::/    /\\:::\\   \\:::\\   \\::/    /        \\::/    \\:::\\  /:::/    /\\:::\\   \\:::\\   \\::/    /\\::/    \\:::\\  /:::/    /\\:::\\    \\          /:::/    \\::/    /\\::/    \\:::\\  /:::/    /        \n  /:::/    / \\/____/  \\:::\\   \\:::\\   \\/____/  \\:::\\    \\       \\:::\\    \\   /:::/    /  \\:::\\   \\:::\\   \\/____/          \\/____/ \\:::\\/:::/    /  \\:::\\   \\:::\\   \\/____/  \\/____/ \\:::\\/:::/    /  \\:::\\    \\        /:::/    / \\/____/  \\/____/ \\:::\\/:::/    /         \n /:::/    /            \\:::\\   \\:::\\    \\       \\:::\\    \\       \\:::\\    \\ /:::/    /    \\:::\\   \\:::\\    \\                       \\::::::/    /    \\:::\\   \\:::\\    \\               \\::::::/    /    \\:::\\    \\      /:::/    /                    \\::::::/    /          \n/:::/    /              \\:::\\   \\:::\\____\\       \\:::\\    \\       \\:::\\    /:::/    /      \\:::\\   \\:::\\____\\                       \\::::/    /      \\:::\\   \\:::\\____\\               \\::::/    /      \\:::\\    \\    /:::/    /                      \\::::/    /           \n\\::/    /                \\:::\\   \\::/    /        \\:::\\    \\       \\:::\\__/:::/    /        \\:::\\  /:::/    /                       /:::/    /        \\:::\\   \\::/    /               /:::/    /        \\:::\\    \\   \\::/    /                       /:::/    /            \n \\/____/                  \\:::\\   \\/____/          \\:::\\    \\       \\::::::::/    /          \\:::\\/:::/    /                       /:::/    /          \\:::\\   \\/____/               /:::/    /          \\:::\\    \\   \\/____/                       /:::/    /             \n                           \\:::\\    \\               \\:::\\    \\       \\::::::/    /            \\::::::/    /                       /:::/    /            \\:::\\    \\                  /:::/    /            \\:::\\    \\                               /:::/    /              \n                            \\:::\\____\\               \\:::\\____\\       \\::::/    /              \\::::/    /                       /:::/    /              \\:::\\____\\                /:::/    /              \\:::\\____\\                             /:::/    /               \n                             \\::/    /                \\::/    /        \\::/____/                \\::/    /                        \\::/    /                \\::/    /                \\::/    /                \\::/    /                             \\::/    /                \n                              \\/____/                  \\/____/                                   \\/____/                          \\/____/                  \\/____/                  \\/____/                  \\/____/                               \\/____/                 \n                                                                                                                                                                                                                                                                           \n",
            "content_disposition": "",
            "content_encoding": "",
            "content_language": "",
            "content_type": "text/plain; charset=utf-8",
            "crc32c": "H8qAAw==",
            "detect_md5hash": "W1+MinOsPywMJkIC/YBuMg==",
            "id": "http-multi-backend-bucket-telushealth-index.html",
            "md5hash": "W1+MinOsPywMJkIC/YBuMg==",
            "media_link": "https://storage.googleapis.com/download/storage/v1/b/http-multi-backend-bucket-telushealth/o/index.html?generation=1662139046483519\u0026alt=media",
            "metadata": {},
            "name": "index.html",
            "output_name": "index.html",
            "self_link": "https://www.googleapis.com/storage/v1/b/http-multi-backend-bucket-telushealth/o/index.html",
            "source": null,
            "storage_class": "MULTI_REGIONAL"
          },
          "sensitive_attributes": [],
          "private": "bnVsbA==",
          "dependencies": [
            "google_storage_bucket.static"
          ]
        }
      ]
    },
    {
      "mode": "managed",
      "type": "google_storage_bucket_object",
      "name": "not_found",
      "provider": "provider[\"registry.terraform.io/hashicorp/google\"]",
      "instances": [
        {
          "schema_version": 0,
          "attributes": {
            "bucket": "http-multi-backend-bucket-telushealth",
            "cache_control": "",
            "content": "\n\u003c!DOCTYPE html\u003e\n\u003chtml\u003e\n   \u003chead\u003e\n      \u003ctitle\u003e404 Error\u003c/title\u003e\n   \u003c/head\u003e\n   \u003cbody style=\"background-color:red;\"\u003e\n      \u003ch1\u003e404 Error Page Not Found\u003c/h1\u003e\n      \u003cp\u003eThis page cannot be found, please check link.\u003c/p\u003e\n   \u003c/body\u003e\n\u003c/html\u003e\n\n",
            "content_disposition": "",
            "content_encoding": "",
            "content_language": "",
            "content_type": "text/html; charset=utf-8",
            "crc32c": "MYWu0A==",
            "detect_md5hash": "DuJR6XOyk2X5jnzYgb8DYQ==",
            "id": "http-multi-backend-bucket-telushealth-404.html",
            "md5hash": "DuJR6XOyk2X5jnzYgb8DYQ==",
            "media_link": "https://storage.googleapis.com/download/storage/v1/b/http-multi-backend-bucket-telushealth/o/404.html?generation=1662139677724511\u0026alt=media",
            "metadata": null,
            "name": "404.html",
            "output_name": "404.html",
            "self_link": "https://www.googleapis.com/storage/v1/b/http-multi-backend-bucket-telushealth/o/404.html",
            "source": null,
            "storage_class": "MULTI_REGIONAL"
          },
          "sensitive_attributes": [],
          "private": "bnVsbA==",
          "dependencies": [
            "google_storage_bucket.static"
          ]
        }
      ]
    },
    {
      "module": "module.lb",
      "mode": "managed",
      "type": "google_compute_global_address",
      "name": "default",
      "provider": "provider[\"registry.terraform.io/hashicorp/google\"]",
      "instances": [
        {
          "schema_version": 0,
          "attributes": {
            "address": "34.111.247.170",
            "address_type": "EXTERNAL",
            "creation_timestamp": "2022-09-02T10:17:24.824-07:00",
            "description": "",
            "id": "projects/th-brettslab-lab-8d106d/global/addresses/http-multi-backend-address",
            "ip_version": "",
            "name": "http-multi-backend-address",
            "network": "",
            "prefix_length": 0,
            "project": "th-brettslab-lab-8d106d",
            "purpose": "",
            "self_link": "https://www.googleapis.com/compute/v1/projects/th-brettslab-lab-8d106d/global/addresses/http-multi-backend-address",
            "timeouts": null
          },
          "sensitive_attributes": [],
          "private": "eyJlMmJmYjczMC1lY2FhLTExZTYtOGY4OC0zNDM2M2JjN2M0YzAiOnsiY3JlYXRlIjoyNDAwMDAwMDAwMDAsImRlbGV0ZSI6MjQwMDAwMDAwMDAwfX0="
        }
      ]
    },
    {
      "module": "module.lb",
      "mode": "managed",
      "type": "google_compute_global_forwarding_rule",
      "name": "http",
      "provider": "provider[\"registry.terraform.io/hashicorp/google-beta\"]",
      "instances": [
        {
          "index_key": 0,
          "schema_version": 0,
          "attributes": {
            "description": "",
            "id": "projects/th-brettslab-lab-8d106d/global/forwardingRules/http-multi-backend-http-rule",
            "ip_address": "34.111.247.170",
            "ip_protocol": "TCP",
            "ip_version": "",
            "label_fingerprint": "42WmSpB8rSM=",
            "labels": {},
            "load_balancing_scheme": "EXTERNAL",
            "metadata_filters": [],
            "name": "http-multi-backend-http-rule",
            "network": "",
            "port_range": "80-80",
            "project": "th-brettslab-lab-8d106d",
            "self_link": "https://www.googleapis.com/compute/v1/projects/th-brettslab-lab-8d106d/global/forwardingRules/http-multi-backend-http-rule",
            "target": "https://www.googleapis.com/compute/beta/projects/th-brettslab-lab-8d106d/global/targetHttpProxies/http-multi-backend-http-proxy",
            "timeouts": null
          },
          "sensitive_attributes": [],
          "private": "eyJlMmJmYjczMC1lY2FhLTExZTYtOGY4OC0zNDM2M2JjN2M0YzAiOnsiY3JlYXRlIjoyNDAwMDAwMDAwMDAsImRlbGV0ZSI6MjQwMDAwMDAwMDAwLCJ1cGRhdGUiOjI0MDAwMDAwMDAwMH19",
          "dependencies": [
            "google_compute_backend_bucket.static",
            "google_compute_backend_service.api",
            "google_compute_health_check.default",
            "google_compute_instance.api",
            "google_compute_instance_group.api",
            "google_compute_network.subnet1",
            "google_compute_subnetwork.vpcnetwork",
            "google_compute_url_map.urlmap",
            "google_storage_bucket.static",
            "module.lb.google_compute_global_address.default",
            "module.lb.google_compute_target_http_proxy.http"
          ]
        }
      ]
    },
    {
      "module": "module.lb",
      "mode": "managed",
      "type": "google_compute_target_http_proxy",
      "name": "http",
      "provider": "provider[\"registry.terraform.io/hashicorp/google\"]",
      "instances": [
        {
          "index_key": 0,
          "schema_version": 0,
          "attributes": {
            "creation_timestamp": "2022-09-02T10:19:14.912-07:00",
            "description": "",
            "id": "projects/th-brettslab-lab-8d106d/global/targetHttpProxies/http-multi-backend-http-proxy",
            "name": "http-multi-backend-http-proxy",
            "project": "th-brettslab-lab-8d106d",
            "proxy_id": 5872170442365568509,
            "self_link": "https://www.googleapis.com/compute/v1/projects/th-brettslab-lab-8d106d/global/targetHttpProxies/http-multi-backend-http-proxy",
            "timeouts": null,
            "url_map": "https://www.googleapis.com/compute/v1/projects/th-brettslab-lab-8d106d/global/urlMaps/http-multi-backend-url-map"
          },
          "sensitive_attributes": [],
          "private": "eyJlMmJmYjczMC1lY2FhLTExZTYtOGY4OC0zNDM2M2JjN2M0YzAiOnsiY3JlYXRlIjoyNDAwMDAwMDAwMDAsImRlbGV0ZSI6MjQwMDAwMDAwMDAwLCJ1cGRhdGUiOjI0MDAwMDAwMDAwMH19",
          "dependencies": [
            "google_compute_backend_bucket.static",
            "google_compute_backend_service.api",
            "google_compute_health_check.default",
            "google_compute_instance.api",
            "google_compute_instance_group.api",
            "google_compute_network.subnet1",
            "google_compute_subnetwork.vpcnetwork",
            "google_compute_url_map.urlmap",
            "google_storage_bucket.static"
          ]
        }
      ]
    }
  ]
}
